
Microsoft Visual Studio Solution File, Format Version 12.00
# Visual Studio Version 17
VisualStudioVersion = 17.14.36127.28
MinimumVisualStudioVersion = 10.0.40219.1
Project("{FAE04EC0-301F-11D3-BF4B-00C04F79EFBC}") = "CsvSmartParser", "CsvSmartParser\CsvSmartParser.csproj", "{947D2475-0DC9-4CAC-B8CF-84BFDBE79E7C}"
EndProject
Project("{FAE04EC0-301F-11D3-BF4B-00C04F79EFBC}") = "CsvSmartParser.Tests", "CsvSmartParser.Tests\CsvSmartParser.Tests.csproj", "{6F2AADE6-A738-4F79-936F-1DEDF445E2C5}"
EndProject
Global
	GlobalSection(SolutionConfigurationPlatforms) = preSolution
		Debug|Any CPU = Debug|Any CPU
		Release|Any CPU = Release|Any CPU
	EndGlobalSection
	GlobalSection(ProjectConfigurationPlatforms) = postSolution
		{947D2475-0DC9-4CAC-B8CF-84BFDBE79E7C}.Debug|Any CPU.ActiveCfg = Debug|Any CPU
		{947D2475-0DC9-4CAC-B8CF-84BFDBE79E7C}.Debug|Any CPU.Build.0 = Debug|Any CPU
		{947D2475-0DC9-4CAC-B8CF-84BFDBE79E7C}.Release|Any CPU.ActiveCfg = Release|Any CPU
		{947D2475-0DC9-4CAC-B8CF-84BFDBE79E7C}.Release|Any CPU.Build.0 = Release|Any CPU
		{6F2AADE6-A738-4F79-936F-1DEDF445E2C5}.Debug|Any CPU.ActiveCfg = Debug|Any CPU
		{6F2AADE6-A738-4F79-936F-1DEDF445E2C5}.Debug|Any CPU.Build.0 = Debug|Any CPU
		{6F2AADE6-A738-4F79-936F-1DEDF445E2C5}.Release|Any CPU.ActiveCfg = Release|Any CPU
		{6F2AADE6-A738-4F79-936F-1DEDF445E2C5}.Release|Any CPU.Build.0 = Release|Any CPU
	EndGlobalSection
	GlobalSection(SolutionProperties) = preSolution
		HideSolutionNode = FALSE
	EndGlobalSection
	GlobalSection(ExtensibilityGlobals) = postSolution
		SolutionGuid = {52540121-9A53-4A3E-87AA-0CCACF89793E}
	EndGlobalSection
EndGlobal
